
Microsoft Visual Studio Solution File, Format Version 12.00
# Visual Studio Version 17
VisualStudioVersion = 17.4.33110.190
MinimumVisualStudioVersion = 10.0.40219.1
Project("{FAE04EC0-301F-11D3-BF4B-00C04F79EFBC}") = "WebAPI", "WebAPI\WebAPI.csproj", "{F50F27A1-1680-4B46-A874-5376B3A6671C}"
EndProject
Project("{FAE04EC0-301F-11D3-BF4B-00C04F79EFBC}") = "WebAPI.Tests", "WebAPI.Tests\WebAPI.Tests.csproj", "{090E1960-F9CE-4C35-982F-209BD3A02DA6}"
EndProject
Global
	GlobalSection(SolutionConfigurationPlatforms) = preSolution
		Debug|Any CPU = Debug|Any CPU
		Release|Any CPU = Release|Any CPU
	EndGlobalSection
	GlobalSection(ProjectConfigurationPlatforms) = postSolution
		{F50F27A1-1680-4B46-A874-5376B3A6671C}.Debug|Any CPU.ActiveCfg = Debug|Any CPU
		{F50F27A1-1680-4B46-A874-5376B3A6671C}.Debug|Any CPU.Build.0 = Debug|Any CPU
		{F50F27A1-1680-4B46-A874-5376B3A6671C}.Release|Any CPU.ActiveCfg = Release|Any CPU
		{F50F27A1-1680-4B46-A874-5376B3A6671C}.Release|Any CPU.Build.0 = Release|Any CPU
		{090E1960-F9CE-4C35-982F-209BD3A02DA6}.Debug|Any CPU.ActiveCfg = Debug|Any CPU
		{090E1960-F9CE-4C35-982F-209BD3A02DA6}.Debug|Any CPU.Build.0 = Debug|Any CPU
		{090E1960-F9CE-4C35-982F-209BD3A02DA6}.Release|Any CPU.ActiveCfg = Release|Any CPU
		{090E1960-F9CE-4C35-982F-209BD3A02DA6}.Release|Any CPU.Build.0 = Release|Any CPU
	EndGlobalSection
	GlobalSection(SolutionProperties) = preSolution
		HideSolutionNode = FALSE
	EndGlobalSection
	GlobalSection(ExtensibilityGlobals) = postSolution
		SolutionGuid = {D72645AA-EB1F-4D7B-A632-7A10A1A8935F}
	EndGlobalSection
EndGlobal
